
Microsoft Visual Studio Solution File, Format Version 12.00
# Visual Studio Version 16
VisualStudioVersion = 16.0.32106.194
MinimumVisualStudioVersion = 10.0.40219.1
Project("{FAE04EC0-301F-11D3-BF4B-00C04F79EFBC}") = "Iterations", "Iterations\Iterations.csproj", "{256CB130-F32D-4342-94A6-CE4557D080E2}"
EndProject
Global
	GlobalSection(SolutionConfigurationPlatforms) = preSolution
		Debug|Any CPU = Debug|Any CPU
		Release|Any CPU = Release|Any CPU
	EndGlobalSection
	GlobalSection(ProjectConfigurationPlatforms) = postSolution
		{256CB130-F32D-4342-94A6-CE4557D080E2}.Debug|Any CPU.ActiveCfg = Debug|Any CPU
		{256CB130-F32D-4342-94A6-CE4557D080E2}.Debug|Any CPU.Build.0 = Debug|Any CPU
		{256CB130-F32D-4342-94A6-CE4557D080E2}.Release|Any CPU.ActiveCfg = Release|Any CPU
		{256CB130-F32D-4342-94A6-CE4557D080E2}.Release|Any CPU.Build.0 = Release|Any CPU
	EndGlobalSection
	GlobalSection(SolutionProperties) = preSolution
		HideSolutionNode = FALSE
	EndGlobalSection
	GlobalSection(ExtensibilityGlobals) = postSolution
		SolutionGuid = {FF5B0A38-5216-436C-85F0-BA2FE288FB57}
	EndGlobalSection
EndGlobal
